# This file is automatically @generated by Cargo.
# It is not intended for manual editing.
version = 4

[[package]]
name = "argus-application"
version = "0.1.0"
dependencies = [
 "argus-domain",
]

[[package]]
name = "argus-bridge"
version = "0.1.0"
dependencies = [
 "argus-runtime",
]

[[package]]
name = "argus-domain"
version = "0.1.0"

[[package]]
name = "argus-infrastructure"
version = "0.1.0"
dependencies = [
 "argus-application",
 "argus-domain",
]

[[package]]
name = "argus-runtime"
version = "0.1.0"
dependencies = [
 "argus-application",
 "argus-domain",
 "argus-infrastructure",
]
